// !$*UTF8*$!
{
	archiveVersion = 1;
	classes = {
	};
	objectVersion = 46;
	objects = {

/* Begin PBXBuildFile section */
		9832BAB81E2233C000DC5C1D /* StickerPackExtension.appex in Embed App Extensions */ = {isa = PBXBuildFile; fileRef = 9832BAB71E2233C000DC5C1D /* StickerPackExtension.appex */; settings = {ATTRIBUTES = (RemoveHeadersOnCopy, ); }; };
		9832BABC1E2233C000DC5C1D /* Stickers.xcstickers in Resources */ = {isa = PBXBuildFile; fileRef = 9832BABB1E2233C000DC5C1D /* Stickers.xcstickers */; };
		9832BABD1E2233C000DC5C1D /* Stickers.xcstickers in Resources */ = {isa = PBXBuildFile; fileRef = 9832BABB1E2233C000DC5C1D /* Stickers.xcstickers */; };
/* End PBXBuildFile section */

/* Begin PBXContainerItemProxy section */
		9832BAB91E2233C000DC5C1D /* PBXContainerItemProxy */ = {
			isa = PBXContainerItemProxy;
			containerPortal = 9832BAAD1E2233C000DC5C1D /* Project object */;
			proxyType = 1;
			remoteGlobalIDString = 9832BAB61E2233C000DC5C1D;
			remoteInfo = StickerPackExtension;
		};
/* End PBXContainerItemProxy section */

/* Begin PBXCopyFilesBuildPhase section */
		9832BAC31E2233C000DC5C1D /* Embed App Extensions */ = {
			isa = PBXCopyFilesBuildPhase;
			buildActionMask = 2147483647;
			dstPath = "";
			dstSubfolderSpec = 13;
			files = (
				9832BAB81E2233C000DC5C1D /* StickerPackExtension.appex in Embed App Extensions */,
			);
			name = "Embed App Extensions";
			runOnlyForDeploymentPostprocessing = 0;
		};
/* End PBXCopyFilesBuildPhase section */

/* Begin PBXFileReference section */
		9832BAB31E2233C000DC5C1D /* AnimalsStickerApp.app */ = {isa = PBXFileReference; explicitFileType = wrapper.application; includeInIndex = 0; path = AnimalsStickerApp.app; sourceTree = BUILT_PRODUCTS_DIR; };
		9832BAB71E2233C000DC5C1D /* StickerPackExtension.appex */ = {isa = PBXFileReference; explicitFileType = "wrapper.app-extension"; includeInIndex = 0; path = StickerPackExtension.appex; sourceTree = BUILT_PRODUCTS_DIR; };
		9832BABB1E2233C000DC5C1D /* Stickers.xcstickers */ = {isa = PBXFileReference; lastKnownFileType = folder.stickers; name = Stickers.xcstickers; path = StickerPackExtension/Stickers.xcstickers; sourceTree = "<group>"; };
/* End PBXFileReference section */

/* Begin PBXGroup section */
		9832BAAC1E2233C000DC5C1D = {
			isa = PBXGroup;
			children = (
				9832BABB1E2233C000DC5C1D /* Stickers.xcstickers */,
				9832BAB41E2233C000DC5C1D /* Products */,
			);
			sourceTree = "<group>";
		};
		9832BAB41E2233C000DC5C1D /* Products */ = {
			isa = PBXGroup;
			children = (
				9832BAB31E2233C000DC5C1D /* AnimalsStickerApp.app */,
				9832BAB71E2233C000DC5C1D /* StickerPackExtension.appex */,
			);
			name = Products;
			sourceTree = "<group>";
		};
/* End PBXGroup section */

/* Begin PBXNativeTarget section */
		9832BAB21E2233C000DC5C1D /* AnimalsStickerApp */ = {
			isa = PBXNativeTarget;
			buildConfigurationList = 9832BAC41E2233C000DC5C1D /* Build configuration list for PBXNativeTarget "AnimalsStickerApp" */;
			buildPhases = (
				9832BAB11E2233C000DC5C1D /* Resources */,
				9832BAC31E2233C000DC5C1D /* Embed App Extensions */,
			);
			buildRules = (
			);
			dependencies = (
				9832BABA1E2233C000DC5C1D /* PBXTargetDependency */,
			);
			name = AnimalsStickerApp;
			productName = AnimalsStickerApp;
			productReference = 9832BAB31E2233C000DC5C1D /* AnimalsStickerApp.app */;
			productType = "com.apple.product-type.application.messages";
		};
		9832BAB61E2233C000DC5C1D /* StickerPackExtension */ = {
			isa = PBXNativeTarget;
			buildConfigurationList = 9832BAC01E2233C000DC5C1D /* Build configuration list for PBXNativeTarget "StickerPackExtension" */;
			buildPhases = (
				9832BAB51E2233C000DC5C1D /* Resources */,
			);
			buildRules = (
			);
			dependencies = (
			);
			name = StickerPackExtension;
			productName = StickerPackExtension;
			productReference = 9832BAB71E2233C000DC5C1D /* StickerPackExtension.appex */;
			productType = "com.apple.product-type.app-extension.messages-sticker-pack";
		};
/* End PBXNativeTarget section */

/* Begin PBXProject section */
		9832BAAD1E2233C000DC5C1D /* Project object */ = {
			isa = PBXProject;
			attributes = {
				LastUpgradeCheck = 0820;
				ORGANIZATIONNAME = "shashank kannam";
				TargetAttributes = {
					9832BAB21E2233C000DC5C1D = {
						CreatedOnToolsVersion = 8.2.1;
						ProvisioningStyle = Automatic;
					};
					9832BAB61E2233C000DC5C1D = {
						CreatedOnToolsVersion = 8.2.1;
						ProvisioningStyle = Automatic;
					};
				};
			};
			buildConfigurationList = 9832BAB01E2233C000DC5C1D /* Build configuration list for PBXProject "AnimalsStickerApp" */;
			compatibilityVersion = "Xcode 3.2";
			developmentRegion = English;
			hasScannedForEncodings = 0;
			knownRegions = (
				en,
			);
			mainGroup = 9832BAAC1E2233C000DC5C1D;
			productRefGroup = 9832BAB41E2233C000DC5C1D /* Products */;
			projectDirPath = "";
			projectRoot = "";
			targets = (
				9832BAB21E2233C000DC5C1D /* AnimalsStickerApp */,
				9832BAB61E2233C000DC5C1D /* StickerPackExtension */,
			);
		};
/* End PBXProject section */

/* Begin PBXResourcesBuildPhase section */
		9832BAB11E2233C000DC5C1D /* Resources */ = {
			isa = PBXResourcesBuildPhase;
			buildActionMask = 2147483647;
			files = (
				9832BABD1E2233C000DC5C1D /* Stickers.xcstickers in Resources */,
			);
			runOnlyForDeploymentPostprocessing = 0;
		};
		9832BAB51E2233C000DC5C1D /* Resources */ = {
			isa = PBXResourcesBuildPhase;
			buildActionMask = 2147483647;
			files = (
				9832BABC1E2233C000DC5C1D /* Stickers.xcstickers in Resources */,
			);
			runOnlyForDeploymentPostprocessing = 0;
		};
/* End PBXResourcesBuildPhase section */

/* Begin PBXTargetDependency section */
		9832BABA1E2233C000DC5C1D /* PBXTargetDependency */ = {
			isa = PBXTargetDependency;
			target = 9832BAB61E2233C000DC5C1D /* StickerPackExtension */;
			targetProxy = 9832BAB91E2233C000DC5C1D /* PBXContainerItemProxy */;
		};
/* End PBXTargetDependency section */

/* Begin XCBuildConfiguration section */
		9832BABE1E2233C000DC5C1D /* Debug */ = {
			isa = XCBuildConfiguration;
			buildSettings = {
				ALWAYS_SEARCH_USER_PATHS = NO;
				CLANG_ANALYZER_NONNULL = YES;
				CLANG_CXX_LANGUAGE_STANDARD = "gnu++0x";
				CLANG_CXX_LIBRARY = "libc++";
				CLANG_ENABLE_MODULES = YES;
				CLANG_ENABLE_OBJC_ARC = YES;
				CLANG_WARN_BOOL_CONVERSION = YES;
				CLANG_WARN_CONSTANT_CONVERSION = YES;
				CLANG_WARN_DIRECT_OBJC_ISA_USAGE = YES_ERROR;
				CLANG_WARN_DOCUMENTATION_COMMENTS = YES;
				CLANG_WARN_EMPTY_BODY = YES;
				CLANG_WARN_ENUM_CONVERSION = YES;
				CLANG_WARN_INFINITE_RECURSION = YES;
				CLANG_WARN_INT_CONVERSION = YES;
				CLANG_WARN_OBJC_ROOT_CLASS = YES_ERROR;
				CLANG_WARN_SUSPICIOUS_MOVE = YES;
				CLANG_WARN_UNREACHABLE_CODE = YES;
				CLANG_WARN__DUPLICATE_METHOD_MATCH = YES;
				"CODE_SIGN_IDENTITY[sdk=iphoneos*]" = "iPhone Developer";
				COPY_PHASE_STRIP = NO;
				DEBUG_INFORMATION_FORMAT = dwarf;
				ENABLE_STRICT_OBJC_MSGSEND = YES;
				ENABLE_TESTABILITY = YES;
				GCC_C_LANGUAGE_STANDARD = gnu99;
				GCC_DYNAMIC_NO_PIC = NO;
				GCC_NO_COMMON_BLOCKS = YES;
				GCC_OPTIMIZATION_LEVEL = 0;
				GCC_PREPROCESSOR_DEFINITIONS = (
					"DEBUG=1",
					"$(inherited)",
				);
				GCC_WARN_64_TO_32_BIT_CONVERSION = YES;
				GCC_WARN_ABOUT_RETURN_TYPE = YES_ERROR;
				GCC_WARN_UNDECLARED_SELECTOR = YES;
				GCC_WARN_UNINITIALIZED_AUTOS = YES_AGGRESSIVE;
				GCC_WARN_UNUSED_FUNCTION = YES;
				GCC_WARN_UNUSED_VARIABLE = YES;
				IPHONEOS_DEPLOYMENT_TARGET = 10.2;
				MTL_ENABLE_DEBUG_INFO = YES;
				ONLY_ACTIVE_ARCH = YES;
				SDKROOT = iphoneos;
				TARGETED_DEVICE_FAMILY = "1,2";
			};
			name = Debug;
		};
		9832BABF1E2233C000DC5C1D /* Release */ = {
			isa = XCBuildConfiguration;
			buildSettings = {
				ALWAYS_SEARCH_USER_PATHS = NO;
				CLANG_ANALYZER_NONNULL = YES;
				CLANG_CXX_LANGUAGE_STANDARD = "gnu++0x";
				CLANG_CXX_LIBRARY = "libc++";
				CLANG_ENABLE_MODULES = YES;
				CLANG_ENABLE_OBJC_ARC = YES;
				CLANG_WARN_BOOL_CONVERSION = YES;
				CLANG_WARN_CONSTANT_CONVERSION = YES;
				CLANG_WARN_DIRECT_OBJC_ISA_USAGE = YES_ERROR;
				CLANG_WARN_DOCUMENTATION_COMMENTS = YES;
				CLANG_WARN_EMPTY_BODY = YES;
				CLANG_WARN_ENUM_CONVERSION = YES;
				CLANG_WARN_INFINITE_RECURSION = YES;
				CLANG_WARN_INT_CONVERSION = YES;
				CLANG_WARN_OBJC_ROOT_CLASS = YES_ERROR;
				CLANG_WARN_SUSPICIOUS_MOVE = YES;
				CLANG_WARN_UNREACHABLE_CODE = YES;
				CLANG_WARN__DUPLICATE_METHOD_MATCH = YES;
				"CODE_SIGN_IDENTITY[sdk=iphoneos*]" = "iPhone Developer";
				COPY_PHASE_STRIP = NO;
				DEBUG_INFORMATION_FORMAT = "dwarf-with-dsym";
				ENABLE_NS_ASSERTIONS = NO;
				ENABLE_STRICT_OBJC_MSGSEND = YES;
				GCC_C_LANGUAGE_STANDARD = gnu99;
				GCC_NO_COMMON_BLOCKS = YES;
				GCC_WARN_64_TO_32_BIT_CONVERSION = YES;
				GCC_WARN_ABOUT_RETURN_TYPE = YES_ERROR;
				GCC_WARN_UNDECLARED_SELECTOR = YES;
				GCC_WARN_UNINITIALIZED_AUTOS = YES_AGGRESSIVE;
				GCC_WARN_UNUSED_FUNCTION = YES;
				GCC_WARN_UNUSED_VARIABLE = YES;
				IPHONEOS_DEPLOYMENT_TARGET = 10.2;
				MTL_ENABLE_DEBUG_INFO = NO;
				SDKROOT = iphoneos;
				TARGETED_DEVICE_FAMILY = "1,2";
				VALIDATE_PRODUCT = YES;
			};
			name = Release;
		};
		9832BAC11E2233C000DC5C1D /* Debug */ = {
			isa = XCBuildConfiguration;
			buildSettings = {
				ASSETCATALOG_COMPILER_APPICON_NAME = "iMessage App Icon";
				INFOPLIST_FILE = StickerPackExtension/Info.plist;
				PRODUCT_BUNDLE_IDENTIFIER = KS.AnimalsStickerApp.StickerPackExtension;
				PRODUCT_NAME = "$(TARGET_NAME)";
				SKIP_INSTALL = YES;
			};
			name = Debug;
		};
		9832BAC21E2233C000DC5C1D /* Release */ = {
			isa = XCBuildConfiguration;
			buildSettings = {
				ASSETCATALOG_COMPILER_APPICON_NAME = "iMessage App Icon";
				INFOPLIST_FILE = StickerPackExtension/Info.plist;
				PRODUCT_BUNDLE_IDENTIFIER = KS.AnimalsStickerApp.StickerPackExtension;
				PRODUCT_NAME = "$(TARGET_NAME)";
				SKIP_INSTALL = YES;
			};
			name = Release;
		};
		9832BAC51E2233C000DC5C1D /* Debug */ = {
			isa = XCBuildConfiguration;
			buildSettings = {
				ASSETCATALOG_COMPILER_APPICON_NAME = "iMessage App Icon";
				INFOPLIST_FILE = AnimalsStickerApp/Info.plist;
				PRODUCT_BUNDLE_IDENTIFIER = KS.AnimalsStickerApp;
				PRODUCT_NAME = "$(TARGET_NAME)";
			};
			name = Debug;
		};
		9832BAC61E2233C000DC5C1D /* Release */ = {
			isa = XCBuildConfiguration;
			buildSettings = {
				ASSETCATALOG_COMPILER_APPICON_NAME = "iMessage App Icon";
				INFOPLIST_FILE = AnimalsStickerApp/Info.plist;
				PRODUCT_BUNDLE_IDENTIFIER = KS.AnimalsStickerApp;
				PRODUCT_NAME = "$(TARGET_NAME)";
			};
			name = Release;
		};
/* End XCBuildConfiguration section */

/* Begin XCConfigurationList section */
		9832BAB01E2233C000DC5C1D /* Build configuration list for PBXProject "AnimalsStickerApp" */ = {
			isa = XCConfigurationList;
			buildConfigurations = (
				9832BABE1E2233C000DC5C1D /* Debug */,
				9832BABF1E2233C000DC5C1D /* Release */,
			);
			defaultConfigurationIsVisible = 0;
			defaultConfigurationName = Release;
		};
		9832BAC01E2233C000DC5C1D /* Build configuration list for PBXNativeTarget "StickerPackExtension" */ = {
			isa = XCConfigurationList;
			buildConfigurations = (
				9832BAC11E2233C000DC5C1D /* Debug */,
				9832BAC21E2233C000DC5C1D /* Release */,
			);
			defaultConfigurationIsVisible = 0;
		};
		9832BAC41E2233C000DC5C1D /* Build configuration list for PBXNativeTarget "AnimalsStickerApp" */ = {
			isa = XCConfigurationList;
			buildConfigurations = (
				9832BAC51E2233C000DC5C1D /* Debug */,
				9832BAC61E2233C000DC5C1D /* Release */,
			);
			defaultConfigurationIsVisible = 0;
		};
/* End XCConfigurationList section */
	};
	rootObject = 9832BAAD1E2233C000DC5C1D /* Project object */;
}
